
Microsoft Visual Studio Solution File, Format Version 12.00
# Visual Studio 14
VisualStudioVersion = 14.0.25420.1
MinimumVisualStudioVersion = 10.0.40219.1
Project("{FAE04EC0-301F-11D3-BF4B-00C04F79EFBC}") = "NuGetSolutionValidator", "NuGetSolutionValidator\NuGetSolutionValidator.csproj", "{59685A8C-6A25-4F12-86E3-829864A418A3}"
EndProject
Project("{FAE04EC0-301F-11D3-BF4B-00C04F79EFBC}") = "NuGetSolutionValidator.NUnit", "NuGetSolutionValidator.NUnit\NuGetSolutionValidator.NUnit.csproj", "{0DC39C83-845B-4602-BCE0-AE14511B2BC3}"
EndProject
Project("{2150E333-8FDC-42A3-9474-1A3956D46DE8}") = "Specifications", "Specifications", "{5EA231A8-6D64-4A5A-B2AE-3E39D3B206BA}"
	ProjectSection(SolutionItems) = preProject
		NuGetSolutionValidator.MsTest.nuspec = NuGetSolutionValidator.MsTest.nuspec
		NuGetSolutionValidator.NUnit.nuspec = NuGetSolutionValidator.NUnit.nuspec
	EndProjectSection
EndProject
Project("{2150E333-8FDC-42A3-9474-1A3956D46DE8}") = "Unit Tests", "Unit Tests", "{DAB318B1-D426-4090-8122-93609F88B6CA}"
EndProject
Project("{FAE04EC0-301F-11D3-BF4B-00C04F79EFBC}") = "NugetSolutionValidator.Tests", "NugetSolutionValidator.Tests\NugetSolutionValidator.Tests.csproj", "{D5DABCF7-C93A-45D7-9E25-2738ED456043}"
EndProject
Project("{FAE04EC0-301F-11D3-BF4B-00C04F79EFBC}") = "NuGetSolutionValidator.MsTest", "NuGetSolutionValidator.MsTest\NuGetSolutionValidator.MsTest.csproj", "{DAC11991-334B-4CC1-83B6-E71C5F3A2162}"
EndProject
Global
	GlobalSection(SolutionConfigurationPlatforms) = preSolution
		Debug|Any CPU = Debug|Any CPU
		Release|Any CPU = Release|Any CPU
	EndGlobalSection
	GlobalSection(ProjectConfigurationPlatforms) = postSolution
		{59685A8C-6A25-4F12-86E3-829864A418A3}.Debug|Any CPU.ActiveCfg = Debug|Any CPU
		{59685A8C-6A25-4F12-86E3-829864A418A3}.Debug|Any CPU.Build.0 = Debug|Any CPU
		{59685A8C-6A25-4F12-86E3-829864A418A3}.Release|Any CPU.ActiveCfg = Release|Any CPU
		{59685A8C-6A25-4F12-86E3-829864A418A3}.Release|Any CPU.Build.0 = Release|Any CPU
		{0DC39C83-845B-4602-BCE0-AE14511B2BC3}.Debug|Any CPU.ActiveCfg = Debug|Any CPU
		{0DC39C83-845B-4602-BCE0-AE14511B2BC3}.Debug|Any CPU.Build.0 = Debug|Any CPU
		{0DC39C83-845B-4602-BCE0-AE14511B2BC3}.Release|Any CPU.ActiveCfg = Release|Any CPU
		{0DC39C83-845B-4602-BCE0-AE14511B2BC3}.Release|Any CPU.Build.0 = Release|Any CPU
		{D5DABCF7-C93A-45D7-9E25-2738ED456043}.Debug|Any CPU.ActiveCfg = Debug|Any CPU
		{D5DABCF7-C93A-45D7-9E25-2738ED456043}.Debug|Any CPU.Build.0 = Debug|Any CPU
		{D5DABCF7-C93A-45D7-9E25-2738ED456043}.Release|Any CPU.ActiveCfg = Release|Any CPU
		{D5DABCF7-C93A-45D7-9E25-2738ED456043}.Release|Any CPU.Build.0 = Release|Any CPU
		{DAC11991-334B-4CC1-83B6-E71C5F3A2162}.Debug|Any CPU.ActiveCfg = Debug|Any CPU
		{DAC11991-334B-4CC1-83B6-E71C5F3A2162}.Debug|Any CPU.Build.0 = Debug|Any CPU
		{DAC11991-334B-4CC1-83B6-E71C5F3A2162}.Release|Any CPU.ActiveCfg = Release|Any CPU
		{DAC11991-334B-4CC1-83B6-E71C5F3A2162}.Release|Any CPU.Build.0 = Release|Any CPU
	EndGlobalSection
	GlobalSection(SolutionProperties) = preSolution
		HideSolutionNode = FALSE
	EndGlobalSection
	GlobalSection(NestedProjects) = preSolution
		{D5DABCF7-C93A-45D7-9E25-2738ED456043} = {DAB318B1-D426-4090-8122-93609F88B6CA}
	EndGlobalSection
EndGlobal
